# THIS IS AN AUTOGENERATED FILE. DO NOT EDIT THIS FILE DIRECTLY.
# yarn lockfile v1


"@rollup/pluginutils@^5.0.2":
  version "5.1.0"
  resolved "https://registry.npmmirror.com/@rollup/pluginutils/-/pluginutils-5.1.0.tgz#7e53eddc8c7f483a4ad0b94afb1f7f5fd3c771e0"
  integrity sha512-XTIWOPPcpvyKI6L1NHo0lFlCyznUEyPmPY1mc3KpPVDYulHSTvyeLNVW00QTLIAFNhR3kYnJTQHeGqU4M3n09g==
  dependencies:
    "@types/estree" "^1.0.0"
    estree-walker "^2.0.2"
    picomatch "^2.3.1"

"@types/estree@^1.0.0":
  version "1.0.5"
  resolved "https://registry.npmmirror.com/@types/estree/-/estree-1.0.5.tgz#a6ce3e556e00fd9895dd872dd172ad0d4bd687f4"
  integrity sha512-/kYRxGDLWzHOB7q+wtSUQlFrtcdUccpfy+X+9iMBpHK8QLLhx2wIPYuS5DYtR9Wa/YlZAbIovy7qVdB1Aq6Lyw==

estree-walker@^2.0.2:
  version "2.0.2"
  resolved "https://registry.npmmirror.com/estree-walker/-/estree-walker-2.0.2.tgz#52f010178c2a4c117a7757cfe942adb7d2da4cac"
  integrity sha512-Rfkk/Mp/DL7JVje3u18FxFujQlTNR2q6QfMSMB7AvCBx91NGj/ba3kCfza0f6dVDbw7YlRf/nDrn7pQrCCyQ/w==

lil-gui@^0.19.2:
  version "0.19.2"
  resolved "https://registry.npmmirror.com/lil-gui/-/lil-gui-0.19.2.tgz#774bf46f1f43ec5fec00884af46b8060786f97fc"
  integrity sha512-nU8j4ND702ouGfQZoaTN4dfXxacvGOAVK0DtmZBVcUYUAeYQXLQAjAN50igMHiba3T5jZyKEjXZU+Ntm1Qs6ZQ==

picomatch@^2.3.1:
  version "2.3.1"
  resolved "https://registry.npmmirror.com/picomatch/-/picomatch-2.3.1.tgz#3ba3833733646d9d3e4995946c1365a67fb07a42"
  integrity sha512-JU3teHTNjmE2VCGFzuY8EXzCDVwEqB2a8fsIvwaStHhAWJEeVd1o1QD80CU6+ZdEXXSLbSsuLwJjkCBWqRQUVA==

vite-plugin-glsl@^1.2.1:
  version "1.2.1"
  resolved "https://registry.npmmirror.com/vite-plugin-glsl/-/vite-plugin-glsl-1.2.1.tgz#abe10d623f510b8491197cbee3a5fb66ad651486"
  integrity sha512-yBpBHWfdiRVMxN3yIKx4qmwuqMwoMAnEMipVI0NbdIieyRFO8hpW8VTFHYi3W75h7CkvsotteP9C4pln51OE0A==
  dependencies:
    "@rollup/pluginutils" "^5.0.2"
